
Microsoft Visual Studio Solution File, Format Version 12.00
# Visual Studio Version 17
VisualStudioVersion = 17.0.31919.166
MinimumVisualStudioVersion = 10.0.40219.1
Project("{FAE04EC0-301F-11D3-BF4B-00C04F79EFBC}") = "Lab_4", "Lab_4\Lab_4.csproj", "{ACB3D08B-E029-42B6-88F5-C5D675DE6605}"
EndProject
Global
	GlobalSection(SolutionConfigurationPlatforms) = preSolution
		Debug|Any CPU = Debug|Any CPU
		Release|Any CPU = Release|Any CPU
	EndGlobalSection
	GlobalSection(ProjectConfigurationPlatforms) = postSolution
		{ACB3D08B-E029-42B6-88F5-C5D675DE6605}.Debug|Any CPU.ActiveCfg = Debug|Any CPU
		{ACB3D08B-E029-42B6-88F5-C5D675DE6605}.Debug|Any CPU.Build.0 = Debug|Any CPU
		{ACB3D08B-E029-42B6-88F5-C5D675DE6605}.Release|Any CPU.ActiveCfg = Release|Any CPU
		{ACB3D08B-E029-42B6-88F5-C5D675DE6605}.Release|Any CPU.Build.0 = Release|Any CPU
	EndGlobalSection
	GlobalSection(SolutionProperties) = preSolution
		HideSolutionNode = FALSE
	EndGlobalSection
	GlobalSection(ExtensibilityGlobals) = postSolution
		SolutionGuid = {F17479D2-B96C-4F6D-939F-75598488ED00}
	EndGlobalSection
EndGlobal
